// !$*UTF8*$!
{
	archiveVersion = 1;
	classes = {
	};
	objectVersion = 50;
	objects = {

/* Begin PBXBuildFile section */
		BF25DC8026B968EB006D4F5C /* RegistrationScreen.swift in Sources */ = {isa = PBXBuildFile; fileRef = BF25DC7F26B968EB006D4F5C /* RegistrationScreen.swift */; };
		BF25DC8826B96F53006D4F5C /* APICall.swift in Sources */ = {isa = PBXBuildFile; fileRef = BF25DC8726B96F53006D4F5C /* APICall.swift */; };
		BF25DC8B26B96FB6006D4F5C /* APIError.swift in Sources */ = {isa = PBXBuildFile; fileRef = BF25DC8A26B96FB6006D4F5C /* APIError.swift */; };
		BF25DC8D26B970D0006D4F5C /* HTTPCodesExtension.swift in Sources */ = {isa = PBXBuildFile; fileRef = BF25DC8C26B970D0006D4F5C /* HTTPCodesExtension.swift */; };
		BF25DC8F26B974B4006D4F5C /* PublisherExtension.swift in Sources */ = {isa = PBXBuildFile; fileRef = BF25DC8E26B974B4006D4F5C /* PublisherExtension.swift */; };
		BF25DC9126B975E0006D4F5C /* WebService.swift in Sources */ = {isa = PBXBuildFile; fileRef = BF25DC9026B975E0006D4F5C /* WebService.swift */; };
		BF25DC9726B98801006D4F5C /* ItemsWebService.swift in Sources */ = {isa = PBXBuildFile; fileRef = BF25DC9626B98801006D4F5C /* ItemsWebService.swift */; };
		BF25DC9A26B98848006D4F5C /* Item.swift in Sources */ = {isa = PBXBuildFile; fileRef = BF25DC9926B98848006D4F5C /* Item.swift */; };
		BF25DC9C26B98A26006D4F5C /* WebServices.swift in Sources */ = {isa = PBXBuildFile; fileRef = BF25DC9B26B98A26006D4F5C /* WebServices.swift */; };
		BF25DC9E26B98AA3006D4F5C /* ConfiguredWebServices.swift in Sources */ = {isa = PBXBuildFile; fileRef = BF25DC9D26B98AA3006D4F5C /* ConfiguredWebServices.swift */; };
		BF25DCA026B98B24006D4F5C /* ConfiguredSession.swift in Sources */ = {isa = PBXBuildFile; fileRef = BF25DC9F26B98B24006D4F5C /* ConfiguredSession.swift */; };
		BF6A78D026B93C0F007BA8AF /* AppState.swift in Sources */ = {isa = PBXBuildFile; fileRef = BF6A78CF26B93C0F007BA8AF /* AppState.swift */; };
		BF6A78D326B93C42007BA8AF /* Store.swift in Sources */ = {isa = PBXBuildFile; fileRef = BF6A78D226B93C42007BA8AF /* Store.swift */; };
		BF940DF226B7EB2000906BB9 /* AncientCowboyApp.swift in Sources */ = {isa = PBXBuildFile; fileRef = BF940DF126B7EB2000906BB9 /* AncientCowboyApp.swift */; };
		BF940DF426B7EB2000906BB9 /* ContentView.swift in Sources */ = {isa = PBXBuildFile; fileRef = BF940DF326B7EB2000906BB9 /* ContentView.swift */; };
		BF940DF626B7EB2000906BB9 /* Assets.xcassets in Resources */ = {isa = PBXBuildFile; fileRef = BF940DF526B7EB2000906BB9 /* Assets.xcassets */; };
		BF940DF926B7EB2000906BB9 /* Preview Assets.xcassets in Resources */ = {isa = PBXBuildFile; fileRef = BF940DF826B7EB2000906BB9 /* Preview Assets.xcassets */; };
		BFBC6BCD26B802D20069C51F /* Container.swift in Sources */ = {isa = PBXBuildFile; fileRef = BFBC6BCC26B802D20069C51F /* Container.swift */; };
		BFBC6BCF26B802F10069C51F /* AppEnvironment.swift in Sources */ = {isa = PBXBuildFile; fileRef = BFBC6BCE26B802F10069C51F /* AppEnvironment.swift */; };
		BFE72ED726B8134800008CBC /* ViewExtension.swift in Sources */ = {isa = PBXBuildFile; fileRef = BFE72ED626B8134800008CBC /* ViewExtension.swift */; };
		BFE72EDA26B8182E00008CBC /* ItemsInteractor.swift in Sources */ = {isa = PBXBuildFile; fileRef = BFE72ED926B8182E00008CBC /* ItemsInteractor.swift */; };
		BFE72EDC26B818EC00008CBC /* Interactors.swift in Sources */ = {isa = PBXBuildFile; fileRef = BFE72EDB26B818EC00008CBC /* Interactors.swift */; };
		BFE72EDF26B81A3700008CBC /* ConfiguredInteractors.swift in Sources */ = {isa = PBXBuildFile; fileRef = BFE72EDE26B81A3700008CBC /* ConfiguredInteractors.swift */; };
/* End PBXBuildFile section */

/* Begin PBXFileReference section */
		BF25DC7F26B968EB006D4F5C /* RegistrationScreen.swift */ = {isa = PBXFileReference; lastKnownFileType = sourcecode.swift; path = RegistrationScreen.swift; sourceTree = "<group>"; };
		BF25DC8726B96F53006D4F5C /* APICall.swift */ = {isa = PBXFileReference; lastKnownFileType = sourcecode.swift; path = APICall.swift; sourceTree = "<group>"; };
		BF25DC8A26B96FB6006D4F5C /* APIError.swift */ = {isa = PBXFileReference; lastKnownFileType = sourcecode.swift; path = APIError.swift; sourceTree = "<group>"; };
		BF25DC8C26B970D0006D4F5C /* HTTPCodesExtension.swift */ = {isa = PBXFileReference; lastKnownFileType = sourcecode.swift; path = HTTPCodesExtension.swift; sourceTree = "<group>"; };
		BF25DC8E26B974B4006D4F5C /* PublisherExtension.swift */ = {isa = PBXFileReference; lastKnownFileType = sourcecode.swift; path = PublisherExtension.swift; sourceTree = "<group>"; };
		BF25DC9026B975E0006D4F5C /* WebService.swift */ = {isa = PBXFileReference; lastKnownFileType = sourcecode.swift; path = WebService.swift; sourceTree = "<group>"; };
		BF25DC9626B98801006D4F5C /* ItemsWebService.swift */ = {isa = PBXFileReference; lastKnownFileType = sourcecode.swift; path = ItemsWebService.swift; sourceTree = "<group>"; };
		BF25DC9926B98848006D4F5C /* Item.swift */ = {isa = PBXFileReference; lastKnownFileType = sourcecode.swift; path = Item.swift; sourceTree = "<group>"; };
		BF25DC9B26B98A26006D4F5C /* WebServices.swift */ = {isa = PBXFileReference; lastKnownFileType = sourcecode.swift; path = WebServices.swift; sourceTree = "<group>"; };
		BF25DC9D26B98AA3006D4F5C /* ConfiguredWebServices.swift */ = {isa = PBXFileReference; lastKnownFileType = sourcecode.swift; path = ConfiguredWebServices.swift; sourceTree = "<group>"; };
		BF25DC9F26B98B24006D4F5C /* ConfiguredSession.swift */ = {isa = PBXFileReference; lastKnownFileType = sourcecode.swift; path = ConfiguredSession.swift; sourceTree = "<group>"; };
		BF6A78CF26B93C0F007BA8AF /* AppState.swift */ = {isa = PBXFileReference; lastKnownFileType = sourcecode.swift; path = AppState.swift; sourceTree = "<group>"; };
		BF6A78D226B93C42007BA8AF /* Store.swift */ = {isa = PBXFileReference; lastKnownFileType = sourcecode.swift; path = Store.swift; sourceTree = "<group>"; };
		BF940DEE26B7EB2000906BB9 /* AncientCowboy.app */ = {isa = PBXFileReference; explicitFileType = wrapper.application; includeInIndex = 0; path = AncientCowboy.app; sourceTree = BUILT_PRODUCTS_DIR; };
		BF940DF126B7EB2000906BB9 /* AncientCowboyApp.swift */ = {isa = PBXFileReference; lastKnownFileType = sourcecode.swift; path = AncientCowboyApp.swift; sourceTree = "<group>"; };
		BF940DF326B7EB2000906BB9 /* ContentView.swift */ = {isa = PBXFileReference; lastKnownFileType = sourcecode.swift; path = ContentView.swift; sourceTree = "<group>"; };
		BF940DF526B7EB2000906BB9 /* Assets.xcassets */ = {isa = PBXFileReference; lastKnownFileType = folder.assetcatalog; path = Assets.xcassets; sourceTree = "<group>"; };
		BF940DF826B7EB2000906BB9 /* Preview Assets.xcassets */ = {isa = PBXFileReference; lastKnownFileType = folder.assetcatalog; path = "Preview Assets.xcassets"; sourceTree = "<group>"; };
		BF940DFA26B7EB2000906BB9 /* Info.plist */ = {isa = PBXFileReference; lastKnownFileType = text.plist.xml; path = Info.plist; sourceTree = "<group>"; };
		BFBC6BCC26B802D20069C51F /* Container.swift */ = {isa = PBXFileReference; lastKnownFileType = sourcecode.swift; path = Container.swift; sourceTree = "<group>"; };
		BFBC6BCE26B802F10069C51F /* AppEnvironment.swift */ = {isa = PBXFileReference; lastKnownFileType = sourcecode.swift; path = AppEnvironment.swift; sourceTree = "<group>"; };
		BFE72ED626B8134800008CBC /* ViewExtension.swift */ = {isa = PBXFileReference; lastKnownFileType = sourcecode.swift; path = ViewExtension.swift; sourceTree = "<group>"; };
		BFE72ED926B8182E00008CBC /* ItemsInteractor.swift */ = {isa = PBXFileReference; lastKnownFileType = sourcecode.swift; path = ItemsInteractor.swift; sourceTree = "<group>"; };
		BFE72EDB26B818EC00008CBC /* Interactors.swift */ = {isa = PBXFileReference; lastKnownFileType = sourcecode.swift; path = Interactors.swift; sourceTree = "<group>"; };
		BFE72EDE26B81A3700008CBC /* ConfiguredInteractors.swift */ = {isa = PBXFileReference; lastKnownFileType = sourcecode.swift; path = ConfiguredInteractors.swift; sourceTree = "<group>"; };
/* End PBXFileReference section */

/* Begin PBXFrameworksBuildPhase section */
		BF940DEB26B7EB2000906BB9 /* Frameworks */ = {
			isa = PBXFrameworksBuildPhase;
			buildActionMask = 2147483647;
			files = (
			);
			runOnlyForDeploymentPostprocessing = 0;
		};
/* End PBXFrameworksBuildPhase section */

/* Begin PBXGroup section */
		BF25DC7D26B968DA006D4F5C /* Screens */ = {
			isa = PBXGroup;
			children = (
				BF25DC7E26B968DE006D4F5C /* Registration */,
			);
			path = Screens;
			sourceTree = "<group>";
		};
		BF25DC7E26B968DE006D4F5C /* Registration */ = {
			isa = PBXGroup;
			children = (
				BF25DC7F26B968EB006D4F5C /* RegistrationScreen.swift */,
			);
			path = Registration;
			sourceTree = "<group>";
		};
		BF25DC8926B96FA7006D4F5C /* Errors */ = {
			isa = PBXGroup;
			children = (
				BF25DC8A26B96FB6006D4F5C /* APIError.swift */,
			);
			path = Errors;
			sourceTree = "<group>";
		};
		BF25DC9426B987F0006D4F5C /* Services */ = {
			isa = PBXGroup;
			children = (
				BF25DC9526B987F7006D4F5C /* Web */,
			);
			path = Services;
			sourceTree = "<group>";
		};
		BF25DC9526B987F7006D4F5C /* Web */ = {
			isa = PBXGroup;
			children = (
				BF25DC9626B98801006D4F5C /* ItemsWebService.swift */,
			);
			path = Web;
			sourceTree = "<group>";
		};
		BF25DC9826B9883D006D4F5C /* Models */ = {
			isa = PBXGroup;
			children = (
				BF25DC9926B98848006D4F5C /* Item.swift */,
			);
			path = Models;
			sourceTree = "<group>";
		};
		BF6A78D126B93C34007BA8AF /* Utilities */ = {
			isa = PBXGroup;
			children = (
				BF25DC8726B96F53006D4F5C /* APICall.swift */,
				BF6A78D226B93C42007BA8AF /* Store.swift */,
				BF25DC9026B975E0006D4F5C /* WebService.swift */,
			);
			path = Utilities;
			sourceTree = "<group>";
		};
		BF940DE526B7EB2000906BB9 = {
			isa = PBXGroup;
			children = (
				BF940DF026B7EB2000906BB9 /* AncientCowboy */,
				BF940DEF26B7EB2000906BB9 /* Products */,
			);
			sourceTree = "<group>";
		};
		BF940DEF26B7EB2000906BB9 /* Products */ = {
			isa = PBXGroup;
			children = (
				BF940DEE26B7EB2000906BB9 /* AncientCowboy.app */,
			);
			name = Products;
			sourceTree = "<group>";
		};
		BF940DF026B7EB2000906BB9 /* AncientCowboy */ = {
			isa = PBXGroup;
			children = (
				BF25DC8926B96FA7006D4F5C /* Errors */,
				BFE72ED526B8133500008CBC /* Extensions */,
				BFBC6BCB26B802C30069C51F /* Injected */,
				BFE72ED826B8181D00008CBC /* Interactors */,
				BF25DC9826B9883D006D4F5C /* Models */,
				BF940DF726B7EB2000906BB9 /* Preview Content */,
				BFBC6BC426B7FB2A0069C51F /* Resources */,
				BF25DC9426B987F0006D4F5C /* Services */,
				BFBC6BC326B7FB1F0069C51F /* System */,
				BF6A78D126B93C34007BA8AF /* Utilities */,
				BFBC6BC526B7FB350069C51F /* Views */,
			);
			path = AncientCowboy;
			sourceTree = "<group>";
		};
		BF940DF726B7EB2000906BB9 /* Preview Content */ = {
			isa = PBXGroup;
			children = (
				BF940DF826B7EB2000906BB9 /* Preview Assets.xcassets */,
			);
			path = "Preview Content";
			sourceTree = "<group>";
		};
		BFBC6BC326B7FB1F0069C51F /* System */ = {
			isa = PBXGroup;
			children = (
				BFE72EDD26B81A1300008CBC /* AppEnvironment extensions */,
				BF940DF126B7EB2000906BB9 /* AncientCowboyApp.swift */,
				BFBC6BCE26B802F10069C51F /* AppEnvironment.swift */,
			);
			path = System;
			sourceTree = "<group>";
		};
		BFBC6BC426B7FB2A0069C51F /* Resources */ = {
			isa = PBXGroup;
			children = (
				BF940DF526B7EB2000906BB9 /* Assets.xcassets */,
				BF940DFA26B7EB2000906BB9 /* Info.plist */,
			);
			path = Resources;
			sourceTree = "<group>";
		};
		BFBC6BC526B7FB350069C51F /* Views */ = {
			isa = PBXGroup;
			children = (
				BF25DC7D26B968DA006D4F5C /* Screens */,
				BF940DF326B7EB2000906BB9 /* ContentView.swift */,
			);
			path = Views;
			sourceTree = "<group>";
		};
		BFBC6BCB26B802C30069C51F /* Injected */ = {
			isa = PBXGroup;
			children = (
				BF6A78CF26B93C0F007BA8AF /* AppState.swift */,
				BFBC6BCC26B802D20069C51F /* Container.swift */,
				BFE72EDB26B818EC00008CBC /* Interactors.swift */,
				BF25DC9B26B98A26006D4F5C /* WebServices.swift */,
			);
			path = Injected;
			sourceTree = "<group>";
		};
		BFE72ED526B8133500008CBC /* Extensions */ = {
			isa = PBXGroup;
			children = (
				BF25DC8C26B970D0006D4F5C /* HTTPCodesExtension.swift */,
				BFE72ED626B8134800008CBC /* ViewExtension.swift */,
				BF25DC8E26B974B4006D4F5C /* PublisherExtension.swift */,
			);
			path = Extensions;
			sourceTree = "<group>";
		};
		BFE72ED826B8181D00008CBC /* Interactors */ = {
			isa = PBXGroup;
			children = (
				BFE72ED926B8182E00008CBC /* ItemsInteractor.swift */,
			);
			path = Interactors;
			sourceTree = "<group>";
		};
		BFE72EDD26B81A1300008CBC /* AppEnvironment extensions */ = {
			isa = PBXGroup;
			children = (
				BFE72EDE26B81A3700008CBC /* ConfiguredInteractors.swift */,
				BF25DC9D26B98AA3006D4F5C /* ConfiguredWebServices.swift */,
				BF25DC9F26B98B24006D4F5C /* ConfiguredSession.swift */,
			);
			path = "AppEnvironment extensions";
			sourceTree = "<group>";
		};
/* End PBXGroup section */

/* Begin PBXNativeTarget section */
		BF940DED26B7EB2000906BB9 /* AncientCowboy */ = {
			isa = PBXNativeTarget;
			buildConfigurationList = BF940DFD26B7EB2000906BB9 /* Build configuration list for PBXNativeTarget "AncientCowboy" */;
			buildPhases = (
				BF940DEA26B7EB2000906BB9 /* Sources */,
				BF940DEB26B7EB2000906BB9 /* Frameworks */,
				BF940DEC26B7EB2000906BB9 /* Resources */,
			);
			buildRules = (
			);
			dependencies = (
			);
			name = AncientCowboy;
			productName = AncientCowboy;
			productReference = BF940DEE26B7EB2000906BB9 /* AncientCowboy.app */;
			productType = "com.apple.product-type.application";
		};
/* End PBXNativeTarget section */

/* Begin PBXProject section */
		BF940DE626B7EB2000906BB9 /* Project object */ = {
			isa = PBXProject;
			attributes = {
				LastSwiftUpdateCheck = 1250;
				LastUpgradeCheck = 1250;
				TargetAttributes = {
					BF940DED26B7EB2000906BB9 = {
						CreatedOnToolsVersion = 12.5.1;
					};
				};
			};
			buildConfigurationList = BF940DE926B7EB2000906BB9 /* Build configuration list for PBXProject "AncientCowboy" */;
			compatibilityVersion = "Xcode 9.3";
			developmentRegion = en;
			hasScannedForEncodings = 0;
			knownRegions = (
				en,
				Base,
			);
			mainGroup = BF940DE526B7EB2000906BB9;
			productRefGroup = BF940DEF26B7EB2000906BB9 /* Products */;
			projectDirPath = "";
			projectRoot = "";
			targets = (
				BF940DED26B7EB2000906BB9 /* AncientCowboy */,
			);
		};
/* End PBXProject section */

/* Begin PBXResourcesBuildPhase section */
		BF940DEC26B7EB2000906BB9 /* Resources */ = {
			isa = PBXResourcesBuildPhase;
			buildActionMask = 2147483647;
			files = (
				BF940DF926B7EB2000906BB9 /* Preview Assets.xcassets in Resources */,
				BF940DF626B7EB2000906BB9 /* Assets.xcassets in Resources */,
			);
			runOnlyForDeploymentPostprocessing = 0;
		};
/* End PBXResourcesBuildPhase section */

/* Begin PBXSourcesBuildPhase section */
		BF940DEA26B7EB2000906BB9 /* Sources */ = {
			isa = PBXSourcesBuildPhase;
			buildActionMask = 2147483647;
			files = (
				BF940DF426B7EB2000906BB9 /* ContentView.swift in Sources */,
				BFBC6BCF26B802F10069C51F /* AppEnvironment.swift in Sources */,
				BF25DC9726B98801006D4F5C /* ItemsWebService.swift in Sources */,
				BF25DC8826B96F53006D4F5C /* APICall.swift in Sources */,
				BFE72EDF26B81A3700008CBC /* ConfiguredInteractors.swift in Sources */,
				BF6A78D026B93C0F007BA8AF /* AppState.swift in Sources */,
				BF25DC9C26B98A26006D4F5C /* WebServices.swift in Sources */,
				BFBC6BCD26B802D20069C51F /* Container.swift in Sources */,
				BF25DC8D26B970D0006D4F5C /* HTTPCodesExtension.swift in Sources */,
				BF6A78D326B93C42007BA8AF /* Store.swift in Sources */,
				BF25DC9E26B98AA3006D4F5C /* ConfiguredWebServices.swift in Sources */,
				BF25DC8026B968EB006D4F5C /* RegistrationScreen.swift in Sources */,
				BF25DC9A26B98848006D4F5C /* Item.swift in Sources */,
				BFE72EDA26B8182E00008CBC /* ItemsInteractor.swift in Sources */,
				BF25DC9126B975E0006D4F5C /* WebService.swift in Sources */,
				BF940DF226B7EB2000906BB9 /* AncientCowboyApp.swift in Sources */,
				BF25DCA026B98B24006D4F5C /* ConfiguredSession.swift in Sources */,
				BFE72EDC26B818EC00008CBC /* Interactors.swift in Sources */,
				BFE72ED726B8134800008CBC /* ViewExtension.swift in Sources */,
				BF25DC8F26B974B4006D4F5C /* PublisherExtension.swift in Sources */,
				BF25DC8B26B96FB6006D4F5C /* APIError.swift in Sources */,
			);
			runOnlyForDeploymentPostprocessing = 0;
		};
/* End PBXSourcesBuildPhase section */

/* Begin XCBuildConfiguration section */
		BF940DFB26B7EB2000906BB9 /* Debug */ = {
			isa = XCBuildConfiguration;
			buildSettings = {
				ALWAYS_SEARCH_USER_PATHS = NO;
				CLANG_ANALYZER_NONNULL = YES;
				CLANG_ANALYZER_NUMBER_OBJECT_CONVERSION = YES_AGGRESSIVE;
				CLANG_CXX_LANGUAGE_STANDARD = "gnu++14";
				CLANG_CXX_LIBRARY = "libc++";
				CLANG_ENABLE_MODULES = YES;
				CLANG_ENABLE_OBJC_ARC = YES;
				CLANG_ENABLE_OBJC_WEAK = YES;
				CLANG_WARN_BLOCK_CAPTURE_AUTORELEASING = YES;
				CLANG_WARN_BOOL_CONVERSION = YES;
				CLANG_WARN_COMMA = YES;
				CLANG_WARN_CONSTANT_CONVERSION = YES;
				CLANG_WARN_DEPRECATED_OBJC_IMPLEMENTATIONS = YES;
				CLANG_WARN_DIRECT_OBJC_ISA_USAGE = YES_ERROR;
				CLANG_WARN_DOCUMENTATION_COMMENTS = YES;
				CLANG_WARN_EMPTY_BODY = YES;
				CLANG_WARN_ENUM_CONVERSION = YES;
				CLANG_WARN_INFINITE_RECURSION = YES;
				CLANG_WARN_INT_CONVERSION = YES;
				CLANG_WARN_NON_LITERAL_NULL_CONVERSION = YES;
				CLANG_WARN_OBJC_IMPLICIT_RETAIN_SELF = YES;
				CLANG_WARN_OBJC_LITERAL_CONVERSION = YES;
				CLANG_WARN_OBJC_ROOT_CLASS = YES_ERROR;
				CLANG_WARN_QUOTED_INCLUDE_IN_FRAMEWORK_HEADER = YES;
				CLANG_WARN_RANGE_LOOP_ANALYSIS = YES;
				CLANG_WARN_STRICT_PROTOTYPES = YES;
				CLANG_WARN_SUSPICIOUS_MOVE = YES;
				CLANG_WARN_UNGUARDED_AVAILABILITY = YES_AGGRESSIVE;
				CLANG_WARN_UNREACHABLE_CODE = YES;
				CLANG_WARN__DUPLICATE_METHOD_MATCH = YES;
				COPY_PHASE_STRIP = NO;
				DEBUG_INFORMATION_FORMAT = dwarf;
				ENABLE_STRICT_OBJC_MSGSEND = YES;
				ENABLE_TESTABILITY = YES;
				GCC_C_LANGUAGE_STANDARD = gnu11;
				GCC_DYNAMIC_NO_PIC = NO;
				GCC_NO_COMMON_BLOCKS = YES;
				GCC_OPTIMIZATION_LEVEL = 0;
				GCC_PREPROCESSOR_DEFINITIONS = (
					"DEBUG=1",
					"$(inherited)",
				);
				GCC_WARN_64_TO_32_BIT_CONVERSION = YES;
				GCC_WARN_ABOUT_RETURN_TYPE = YES_ERROR;
				GCC_WARN_UNDECLARED_SELECTOR = YES;
				GCC_WARN_UNINITIALIZED_AUTOS = YES_AGGRESSIVE;
				GCC_WARN_UNUSED_FUNCTION = YES;
				GCC_WARN_UNUSED_VARIABLE = YES;
				IPHONEOS_DEPLOYMENT_TARGET = 14.5;
				MTL_ENABLE_DEBUG_INFO = INCLUDE_SOURCE;
				MTL_FAST_MATH = YES;
				ONLY_ACTIVE_ARCH = YES;
				SDKROOT = iphoneos;
				SWIFT_ACTIVE_COMPILATION_CONDITIONS = DEBUG;
				SWIFT_OPTIMIZATION_LEVEL = "-Onone";
			};
			name = Debug;
		};
		BF940DFC26B7EB2000906BB9 /* Release */ = {
			isa = XCBuildConfiguration;
			buildSettings = {
				ALWAYS_SEARCH_USER_PATHS = NO;
				CLANG_ANALYZER_NONNULL = YES;
				CLANG_ANALYZER_NUMBER_OBJECT_CONVERSION = YES_AGGRESSIVE;
				CLANG_CXX_LANGUAGE_STANDARD = "gnu++14";
				CLANG_CXX_LIBRARY = "libc++";
				CLANG_ENABLE_MODULES = YES;
				CLANG_ENABLE_OBJC_ARC = YES;
				CLANG_ENABLE_OBJC_WEAK = YES;
				CLANG_WARN_BLOCK_CAPTURE_AUTORELEASING = YES;
				CLANG_WARN_BOOL_CONVERSION = YES;
				CLANG_WARN_COMMA = YES;
				CLANG_WARN_CONSTANT_CONVERSION = YES;
				CLANG_WARN_DEPRECATED_OBJC_IMPLEMENTATIONS = YES;
				CLANG_WARN_DIRECT_OBJC_ISA_USAGE = YES_ERROR;
				CLANG_WARN_DOCUMENTATION_COMMENTS = YES;
				CLANG_WARN_EMPTY_BODY = YES;
				CLANG_WARN_ENUM_CONVERSION = YES;
				CLANG_WARN_INFINITE_RECURSION = YES;
				CLANG_WARN_INT_CONVERSION = YES;
				CLANG_WARN_NON_LITERAL_NULL_CONVERSION = YES;
				CLANG_WARN_OBJC_IMPLICIT_RETAIN_SELF = YES;
				CLANG_WARN_OBJC_LITERAL_CONVERSION = YES;
				CLANG_WARN_OBJC_ROOT_CLASS = YES_ERROR;
				CLANG_WARN_QUOTED_INCLUDE_IN_FRAMEWORK_HEADER = YES;
				CLANG_WARN_RANGE_LOOP_ANALYSIS = YES;
				CLANG_WARN_STRICT_PROTOTYPES = YES;
				CLANG_WARN_SUSPICIOUS_MOVE = YES;
				CLANG_WARN_UNGUARDED_AVAILABILITY = YES_AGGRESSIVE;
				CLANG_WARN_UNREACHABLE_CODE = YES;
				CLANG_WARN__DUPLICATE_METHOD_MATCH = YES;
				COPY_PHASE_STRIP = NO;
				DEBUG_INFORMATION_FORMAT = "dwarf-with-dsym";
				ENABLE_NS_ASSERTIONS = NO;
				ENABLE_STRICT_OBJC_MSGSEND = YES;
				GCC_C_LANGUAGE_STANDARD = gnu11;
				GCC_NO_COMMON_BLOCKS = YES;
				GCC_WARN_64_TO_32_BIT_CONVERSION = YES;
				GCC_WARN_ABOUT_RETURN_TYPE = YES_ERROR;
				GCC_WARN_UNDECLARED_SELECTOR = YES;
				GCC_WARN_UNINITIALIZED_AUTOS = YES_AGGRESSIVE;
				GCC_WARN_UNUSED_FUNCTION = YES;
				GCC_WARN_UNUSED_VARIABLE = YES;
				IPHONEOS_DEPLOYMENT_TARGET = 14.5;
				MTL_ENABLE_DEBUG_INFO = NO;
				MTL_FAST_MATH = YES;
				SDKROOT = iphoneos;
				SWIFT_COMPILATION_MODE = wholemodule;
				SWIFT_OPTIMIZATION_LEVEL = "-O";
				VALIDATE_PRODUCT = YES;
			};
			name = Release;
		};
		BF940DFE26B7EB2000906BB9 /* Debug */ = {
			isa = XCBuildConfiguration;
			buildSettings = {
				ASSETCATALOG_COMPILER_APPICON_NAME = AppIcon;
				ASSETCATALOG_COMPILER_GLOBAL_ACCENT_COLOR_NAME = AccentColor;
				CODE_SIGN_STYLE = Automatic;
				DEVELOPMENT_ASSET_PATHS = "\"AncientCowboy/Preview Content\"";
				DEVELOPMENT_TEAM = 683CXDNH79;
				ENABLE_PREVIEWS = YES;
				INFOPLIST_FILE = AncientCowboy/Resources/Info.plist;
				IPHONEOS_DEPLOYMENT_TARGET = 14.0;
				LD_RUNPATH_SEARCH_PATHS = (
					"$(inherited)",
					"@executable_path/Frameworks",
				);
				PRODUCT_BUNDLE_IDENTIFIER = elanice.ai.AncientCowboy;
				PRODUCT_NAME = "$(TARGET_NAME)";
				SWIFT_VERSION = 5.0;
				TARGETED_DEVICE_FAMILY = "1,2";
			};
			name = Debug;
		};
		BF940DFF26B7EB2000906BB9 /* Release */ = {
			isa = XCBuildConfiguration;
			buildSettings = {
				ASSETCATALOG_COMPILER_APPICON_NAME = AppIcon;
				ASSETCATALOG_COMPILER_GLOBAL_ACCENT_COLOR_NAME = AccentColor;
				CODE_SIGN_STYLE = Automatic;
				DEVELOPMENT_ASSET_PATHS = "\"AncientCowboy/Preview Content\"";
				DEVELOPMENT_TEAM = 683CXDNH79;
				ENABLE_PREVIEWS = YES;
				INFOPLIST_FILE = AncientCowboy/Resources/Info.plist;
				IPHONEOS_DEPLOYMENT_TARGET = 14.0;
				LD_RUNPATH_SEARCH_PATHS = (
					"$(inherited)",
					"@executable_path/Frameworks",
				);
				PRODUCT_BUNDLE_IDENTIFIER = elanice.ai.AncientCowboy;
				PRODUCT_NAME = "$(TARGET_NAME)";
				SWIFT_VERSION = 5.0;
				TARGETED_DEVICE_FAMILY = "1,2";
			};
			name = Release;
		};
/* End XCBuildConfiguration section */

/* Begin XCConfigurationList section */
		BF940DE926B7EB2000906BB9 /* Build configuration list for PBXProject "AncientCowboy" */ = {
			isa = XCConfigurationList;
			buildConfigurations = (
				BF940DFB26B7EB2000906BB9 /* Debug */,
				BF940DFC26B7EB2000906BB9 /* Release */,
			);
			defaultConfigurationIsVisible = 0;
			defaultConfigurationName = Release;
		};
		BF940DFD26B7EB2000906BB9 /* Build configuration list for PBXNativeTarget "AncientCowboy" */ = {
			isa = XCConfigurationList;
			buildConfigurations = (
				BF940DFE26B7EB2000906BB9 /* Debug */,
				BF940DFF26B7EB2000906BB9 /* Release */,
			);
			defaultConfigurationIsVisible = 0;
			defaultConfigurationName = Release;
		};
/* End XCConfigurationList section */
	};
	rootObject = BF940DE626B7EB2000906BB9 /* Project object */;
}
